
Microsoft Visual Studio Solution File, Format Version 12.00
# Visual Studio Version 16
VisualStudioVersion = 16.0.30128.74
MinimumVisualStudioVersion = 10.0.40219.1
Project("{FAE04EC0-301F-11D3-BF4B-00C04F79EFBC}") = "PF2e Probability Calculator", "PF2e Probability Calculator.csproj", "{A86C8AE6-60A7-4F44-AA81-D8214352B0C9}"
EndProject
Global
	GlobalSection(SolutionConfigurationPlatforms) = preSolution
		Debug|Any CPU = Debug|Any CPU
		Release|Any CPU = Release|Any CPU
	EndGlobalSection
	GlobalSection(ProjectConfigurationPlatforms) = postSolution
		{A86C8AE6-60A7-4F44-AA81-D8214352B0C9}.Debug|Any CPU.ActiveCfg = Debug|Any CPU
		{A86C8AE6-60A7-4F44-AA81-D8214352B0C9}.Debug|Any CPU.Build.0 = Debug|Any CPU
		{A86C8AE6-60A7-4F44-AA81-D8214352B0C9}.Release|Any CPU.ActiveCfg = Release|Any CPU
		{A86C8AE6-60A7-4F44-AA81-D8214352B0C9}.Release|Any CPU.Build.0 = Release|Any CPU
	EndGlobalSection
	GlobalSection(SolutionProperties) = preSolution
		HideSolutionNode = FALSE
	EndGlobalSection
	GlobalSection(ExtensibilityGlobals) = postSolution
		SolutionGuid = {865F96D8-3DD0-4ECA-8B5D-565A742528A6}
	EndGlobalSection
EndGlobal
